
Microsoft Visual Studio Solution File, Format Version 12.00
# Visual Studio Version 17
VisualStudioVersion = 17.8.34322.80
MinimumVisualStudioVersion = 10.0.40219.1
Project("{FAE04EC0-301F-11D3-BF4B-00C04F79EFBC}") = "Ventas_kazuki", "Ventas_kazuki.csproj", "{268DDED4-88EF-4685-8180-A22502571A2E}"
EndProject
Global
	GlobalSection(SolutionConfigurationPlatforms) = preSolution
		Debug|Any CPU = Debug|Any CPU
		Release|Any CPU = Release|Any CPU
	EndGlobalSection
	GlobalSection(ProjectConfigurationPlatforms) = postSolution
		{268DDED4-88EF-4685-8180-A22502571A2E}.Debug|Any CPU.ActiveCfg = Debug|Any CPU
		{268DDED4-88EF-4685-8180-A22502571A2E}.Debug|Any CPU.Build.0 = Debug|Any CPU
		{268DDED4-88EF-4685-8180-A22502571A2E}.Release|Any CPU.ActiveCfg = Release|Any CPU
		{268DDED4-88EF-4685-8180-A22502571A2E}.Release|Any CPU.Build.0 = Release|Any CPU
	EndGlobalSection
	GlobalSection(SolutionProperties) = preSolution
		HideSolutionNode = FALSE
	EndGlobalSection
	GlobalSection(ExtensibilityGlobals) = postSolution
		SolutionGuid = {092CE1C4-2171-4ADF-A105-6766B28E439A}
	EndGlobalSection
EndGlobal
